Microsoft Visual Studio Solution File, Format Version 12.00
# Visual Studio Version 17
VisualStudioVersion = 17.5.2.0
MinimumVisualStudioVersion = 10.0.40219.1
Project("{FAE04EC0-301F-11D3-BF4B-00C04F79EFBC}") = "HL7.FHIR.DLL", "HL7.FHIR.DLL\HL7.FHIR.DLL.csproj", "{93AC1B7B-64C5-41A0-81A0-8B27BB5DFB39}"
EndProject
Project("{FAE04EC0-301F-11D3-BF4B-00C04F79EFBC}") = "HL7.FHIR.API", "HL7.FHIR.API\HL7.FHIR.API.csproj", "{D7594D40-07B4-4CDB-B3C8-594574994E38}"
EndProject
Project("{FAE04EC0-301F-11D3-BF4B-00C04F79EFBC}") = "HL7.FHIR.Core", "HL7.FHIR.Core\HL7.FHIR.Core.csproj", "{05E63BA0-18FD-869A-3DC3-0ABAC9F475E2}"
EndProject
Global
	GlobalSection(SolutionConfigurationPlatforms) = preSolution
		Debug|Any CPU = Debug|Any CPU
		Release|Any CPU = Release|Any CPU
	EndGlobalSection
	GlobalSection(ProjectConfigurationPlatforms) = postSolution
		{93AC1B7B-64C5-41A0-81A0-8B27BB5DFB39}.Debug|Any CPU.ActiveCfg = Debug|Any CPU
		{93AC1B7B-64C5-41A0-81A0-8B27BB5DFB39}.Debug|Any CPU.Build.0 = Debug|Any CPU
		{93AC1B7B-64C5-41A0-81A0-8B27BB5DFB39}.Release|Any CPU.ActiveCfg = Release|Any CPU
		{93AC1B7B-64C5-41A0-81A0-8B27BB5DFB39}.Release|Any CPU.Build.0 = Release|Any CPU
		{D7594D40-07B4-4CDB-B3C8-594574994E38}.Debug|Any CPU.ActiveCfg = Debug|Any CPU
		{D7594D40-07B4-4CDB-B3C8-594574994E38}.Debug|Any CPU.Build.0 = Debug|Any CPU
		{D7594D40-07B4-4CDB-B3C8-594574994E38}.Release|Any CPU.ActiveCfg = Release|Any CPU
		{D7594D40-07B4-4CDB-B3C8-594574994E38}.Release|Any CPU.Build.0 = Release|Any CPU
		{05E63BA0-18FD-869A-3DC3-0ABAC9F475E2}.Debug|Any CPU.ActiveCfg = Debug|Any CPU
		{05E63BA0-18FD-869A-3DC3-0ABAC9F475E2}.Debug|Any CPU.Build.0 = Debug|Any CPU
		{05E63BA0-18FD-869A-3DC3-0ABAC9F475E2}.Release|Any CPU.ActiveCfg = Release|Any CPU
		{05E63BA0-18FD-869A-3DC3-0ABAC9F475E2}.Release|Any CPU.Build.0 = Release|Any CPU
	EndGlobalSection
	GlobalSection(SolutionProperties) = preSolution
		HideSolutionNode = FALSE
	EndGlobalSection
	GlobalSection(ExtensibilityGlobals) = postSolution
		SolutionGuid = {8CE05123-71ED-4B2E-8C15-ACF9B195C087}
	EndGlobalSection
EndGlobal
